
Microsoft Visual Studio Solution File, Format Version 12.00
# Visual Studio 14
VisualStudioVersion = 14.0.25123.0
MinimumVisualStudioVersion = 10.0.40219.1
Project("{FAE04EC0-301F-11D3-BF4B-00C04F79EFBC}") = "StringsAndArrays", "StringsAndArrays\StringsAndArrays.csproj", "{1CEE2555-4554-41C7-BADF-DF8AC0E55308}"
EndProject
Project("{FAE04EC0-301F-11D3-BF4B-00C04F79EFBC}") = "ProjectEuler", "ProjectEuler\ProjectEuler.csproj", "{2412D259-5764-48C1-882B-2996BEDF5160}"
EndProject
Project("{FAE04EC0-301F-11D3-BF4B-00C04F79EFBC}") = "GExamples", "GExamples\GExamples.csproj", "{7AA6019E-6BDD-4932-8DEB-4DBD8F4B182A}"
EndProject
Project("{FAE04EC0-301F-11D3-BF4B-00C04F79EFBC}") = "AExamples", "AExamples\AExamples.csproj", "{1CE7E7B7-6E73-403B-AE07-06550F77E05F}"
EndProject
Project("{FAE04EC0-301F-11D3-BF4B-00C04F79EFBC}") = "EExamples", "EExamples\EExamples.csproj", "{7EF1D03E-FD3A-495B-BA46-22EF5EE0885D}"
EndProject
Project("{FAE04EC0-301F-11D3-BF4B-00C04F79EFBC}") = "LinkedLists", "LinkedLists\LinkedLists.csproj", "{364C1B27-8DC7-46A2-8386-9461EAAB77D1}"
EndProject
Project("{FAE04EC0-301F-11D3-BF4B-00C04F79EFBC}") = "Heaps", "Heaps\Heaps.csproj", "{1422B0F8-E178-431C-8C63-725BF9D2DEF7}"
EndProject
Global
	GlobalSection(SolutionConfigurationPlatforms) = preSolution
		Debug|Any CPU = Debug|Any CPU
		Release|Any CPU = Release|Any CPU
	EndGlobalSection
	GlobalSection(ProjectConfigurationPlatforms) = postSolution
		{1CEE2555-4554-41C7-BADF-DF8AC0E55308}.Debug|Any CPU.ActiveCfg = Debug|Any CPU
		{1CEE2555-4554-41C7-BADF-DF8AC0E55308}.Debug|Any CPU.Build.0 = Debug|Any CPU
		{1CEE2555-4554-41C7-BADF-DF8AC0E55308}.Release|Any CPU.ActiveCfg = Release|Any CPU
		{1CEE2555-4554-41C7-BADF-DF8AC0E55308}.Release|Any CPU.Build.0 = Release|Any CPU
		{2412D259-5764-48C1-882B-2996BEDF5160}.Debug|Any CPU.ActiveCfg = Debug|Any CPU
		{2412D259-5764-48C1-882B-2996BEDF5160}.Debug|Any CPU.Build.0 = Debug|Any CPU
		{2412D259-5764-48C1-882B-2996BEDF5160}.Release|Any CPU.ActiveCfg = Release|Any CPU
		{2412D259-5764-48C1-882B-2996BEDF5160}.Release|Any CPU.Build.0 = Release|Any CPU
		{7AA6019E-6BDD-4932-8DEB-4DBD8F4B182A}.Debug|Any CPU.ActiveCfg = Debug|Any CPU
		{7AA6019E-6BDD-4932-8DEB-4DBD8F4B182A}.Debug|Any CPU.Build.0 = Debug|Any CPU
		{7AA6019E-6BDD-4932-8DEB-4DBD8F4B182A}.Release|Any CPU.ActiveCfg = Release|Any CPU
		{7AA6019E-6BDD-4932-8DEB-4DBD8F4B182A}.Release|Any CPU.Build.0 = Release|Any CPU
		{1CE7E7B7-6E73-403B-AE07-06550F77E05F}.Debug|Any CPU.ActiveCfg = Debug|Any CPU
		{1CE7E7B7-6E73-403B-AE07-06550F77E05F}.Debug|Any CPU.Build.0 = Debug|Any CPU
		{1CE7E7B7-6E73-403B-AE07-06550F77E05F}.Release|Any CPU.ActiveCfg = Release|Any CPU
		{1CE7E7B7-6E73-403B-AE07-06550F77E05F}.Release|Any CPU.Build.0 = Release|Any CPU
		{7EF1D03E-FD3A-495B-BA46-22EF5EE0885D}.Debug|Any CPU.ActiveCfg = Debug|Any CPU
		{7EF1D03E-FD3A-495B-BA46-22EF5EE0885D}.Debug|Any CPU.Build.0 = Debug|Any CPU
		{7EF1D03E-FD3A-495B-BA46-22EF5EE0885D}.Release|Any CPU.ActiveCfg = Release|Any CPU
		{7EF1D03E-FD3A-495B-BA46-22EF5EE0885D}.Release|Any CPU.Build.0 = Release|Any CPU
		{364C1B27-8DC7-46A2-8386-9461EAAB77D1}.Debug|Any CPU.ActiveCfg = Debug|Any CPU
		{364C1B27-8DC7-46A2-8386-9461EAAB77D1}.Debug|Any CPU.Build.0 = Debug|Any CPU
		{364C1B27-8DC7-46A2-8386-9461EAAB77D1}.Release|Any CPU.ActiveCfg = Release|Any CPU
		{364C1B27-8DC7-46A2-8386-9461EAAB77D1}.Release|Any CPU.Build.0 = Release|Any CPU
		{1422B0F8-E178-431C-8C63-725BF9D2DEF7}.Debug|Any CPU.ActiveCfg = Debug|Any CPU
		{1422B0F8-E178-431C-8C63-725BF9D2DEF7}.Debug|Any CPU.Build.0 = Debug|Any CPU
		{1422B0F8-E178-431C-8C63-725BF9D2DEF7}.Release|Any CPU.ActiveCfg = Release|Any CPU
		{1422B0F8-E178-431C-8C63-725BF9D2DEF7}.Release|Any CPU.Build.0 = Release|Any CPU
	EndGlobalSection
	GlobalSection(SolutionProperties) = preSolution
		HideSolutionNode = FALSE
	EndGlobalSection
EndGlobal
