
Microsoft Visual Studio Solution File, Format Version 12.00
# Visual Studio 14
VisualStudioVersion = 14.0.25123.0
MinimumVisualStudioVersion = 10.0.40219.1
Project("{FAE04EC0-301F-11D3-BF4B-00C04F79EFBC}") = "StringsAndArrays", "StringsAndArrays\StringsAndArrays.csproj", "{1CEE2555-4554-41C7-BADF-DF8AC0E55308}"
EndProject
Project("{FAE04EC0-301F-11D3-BF4B-00C04F79EFBC}") = "ProjectEuler", "ProjectEuler\ProjectEuler.csproj", "{2412D259-5764-48C1-882B-2996BEDF5160}"
EndProject
Project("{FAE04EC0-301F-11D3-BF4B-00C04F79EFBC}") = "GExamples", "GExamples\GExamples.csproj", "{7AA6019E-6BDD-4932-8DEB-4DBD8F4B182A}"
EndProject
Project("{FAE04EC0-301F-11D3-BF4B-00C04F79EFBC}") = "AExamples", "AExamples\AExamples.csproj", "{1CE7E7B7-6E73-403B-AE07-06550F77E05F}"
EndProject
Global
	GlobalSection(SolutionConfigurationPlatforms) = preSolution
		Debug|Any CPU = Debug|Any CPU
		Release|Any CPU = Release|Any CPU
	EndGlobalSection
	GlobalSection(ProjectConfigurationPlatforms) = postSolution
		{1CEE2555-4554-41C7-BADF-DF8AC0E55308}.Debug|Any CPU.ActiveCfg = Debug|Any CPU
		{1CEE2555-4554-41C7-BADF-DF8AC0E55308}.Debug|Any CPU.Build.0 = Debug|Any CPU
		{1CEE2555-4554-41C7-BADF-DF8AC0E55308}.Release|Any CPU.ActiveCfg = Release|Any CPU
		{1CEE2555-4554-41C7-BADF-DF8AC0E55308}.Release|Any CPU.Build.0 = Release|Any CPU
		{2412D259-5764-48C1-882B-2996BEDF5160}.Debug|Any CPU.ActiveCfg = Debug|Any CPU
		{2412D259-5764-48C1-882B-2996BEDF5160}.Debug|Any CPU.Build.0 = Debug|Any CPU
		{2412D259-5764-48C1-882B-2996BEDF5160}.Release|Any CPU.ActiveCfg = Release|Any CPU
		{2412D259-5764-48C1-882B-2996BEDF5160}.Release|Any CPU.Build.0 = Release|Any CPU
		{7AA6019E-6BDD-4932-8DEB-4DBD8F4B182A}.Debug|Any CPU.ActiveCfg = Debug|Any CPU
		{7AA6019E-6BDD-4932-8DEB-4DBD8F4B182A}.Debug|Any CPU.Build.0 = Debug|Any CPU
		{7AA6019E-6BDD-4932-8DEB-4DBD8F4B182A}.Release|Any CPU.ActiveCfg = Release|Any CPU
		{7AA6019E-6BDD-4932-8DEB-4DBD8F4B182A}.Release|Any CPU.Build.0 = Release|Any CPU
		{1CE7E7B7-6E73-403B-AE07-06550F77E05F}.Debug|Any CPU.ActiveCfg = Debug|Any CPU
		{1CE7E7B7-6E73-403B-AE07-06550F77E05F}.Debug|Any CPU.Build.0 = Debug|Any CPU
		{1CE7E7B7-6E73-403B-AE07-06550F77E05F}.Release|Any CPU.ActiveCfg = Release|Any CPU
		{1CE7E7B7-6E73-403B-AE07-06550F77E05F}.Release|Any CPU.Build.0 = Release|Any CPU
	EndGlobalSection
	GlobalSection(SolutionProperties) = preSolution
		HideSolutionNode = FALSE
	EndGlobalSection
EndGlobal
